
Microsoft Visual Studio Solution File, Format Version 12.00
# Visual Studio Version 16
VisualStudioVersion = 16.0.29111.141
MinimumVisualStudioVersion = 10.0.40219.1
Project("{9A19103F-16F7-4668-BE54-9A1E7A4F7556}") = "WpfDefaultTemplateCreator", "WpfDefaultTemplateCreator\WpfDefaultTemplateCreator.csproj", "{C25771AA-8C65-423C-8220-1043E6D9CA0C}"
EndProject
Project("{2150E333-8FDC-42A3-9474-1A3956D46DE8}") = "SolutionItems", "SolutionItems", "{D1DF7FB5-2FFF-4F28-94D1-4D031C6B4FC1}"
	ProjectSection(SolutionItems) = preProject
		.editorconfig = .editorconfig
		.gitattributes = .gitattributes
		.gitignore = .gitignore
	EndProjectSection
EndProject
Global
	GlobalSection(SolutionConfigurationPlatforms) = preSolution
		Debug|Any CPU = Debug|Any CPU
		Release|Any CPU = Release|Any CPU
	EndGlobalSection
	GlobalSection(ProjectConfigurationPlatforms) = postSolution
		{C25771AA-8C65-423C-8220-1043E6D9CA0C}.Debug|Any CPU.ActiveCfg = Debug|Any CPU
		{C25771AA-8C65-423C-8220-1043E6D9CA0C}.Debug|Any CPU.Build.0 = Debug|Any CPU
		{C25771AA-8C65-423C-8220-1043E6D9CA0C}.Release|Any CPU.ActiveCfg = Release|Any CPU
		{C25771AA-8C65-423C-8220-1043E6D9CA0C}.Release|Any CPU.Build.0 = Release|Any CPU
	EndGlobalSection
	GlobalSection(SolutionProperties) = preSolution
		HideSolutionNode = FALSE
	EndGlobalSection
	GlobalSection(ExtensibilityGlobals) = postSolution
		SolutionGuid = {2AE2B7EF-81A3-42D3-8DC5-C6EE43978CFC}
	EndGlobalSection
EndGlobal
